
Microsoft Visual Studio Solution File, Format Version 12.00
# Visual Studio Version 16
VisualStudioVersion = 16.0.32126.315
MinimumVisualStudioVersion = 10.0.40219.1
Project("{FAE04EC0-301F-11D3-BF4B-00C04F79EFBC}") = "AgeCalculator", "AgeCalculator\AgeCalculator.csproj", "{4535D944-60F6-4121-9E1F-3C980636CEC6}"
EndProject
Global
	GlobalSection(SolutionConfigurationPlatforms) = preSolution
		Debug|Any CPU = Debug|Any CPU
		Release|Any CPU = Release|Any CPU
	EndGlobalSection
	GlobalSection(ProjectConfigurationPlatforms) = postSolution
		{4535D944-60F6-4121-9E1F-3C980636CEC6}.Debug|Any CPU.ActiveCfg = Debug|Any CPU
		{4535D944-60F6-4121-9E1F-3C980636CEC6}.Debug|Any CPU.Build.0 = Debug|Any CPU
		{4535D944-60F6-4121-9E1F-3C980636CEC6}.Release|Any CPU.ActiveCfg = Release|Any CPU
		{4535D944-60F6-4121-9E1F-3C980636CEC6}.Release|Any CPU.Build.0 = Release|Any CPU
	EndGlobalSection
	GlobalSection(SolutionProperties) = preSolution
		HideSolutionNode = FALSE
	EndGlobalSection
	GlobalSection(ExtensibilityGlobals) = postSolution
		SolutionGuid = {17A3B209-826F-4CDB-A383-C89BBD7BB962}
	EndGlobalSection
EndGlobal
